
Microsoft Visual Studio Solution File, Format Version 12.00
# Visual Studio 14
VisualStudioVersion = 14.0.25123.0
MinimumVisualStudioVersion = 10.0.40219.1
Project("{2150E333-8FDC-42A3-9474-1A3956D46DE8}") = "src", "src", "{FDA80EA1-D950-4ED4-A503-0C02EECB7CA8}"
EndProject
Project("{2150E333-8FDC-42A3-9474-1A3956D46DE8}") = "Solution Items", "Solution Items", "{066DEE34-B4C9-482F-B58D-FD7CA1D6D9BB}"
	ProjectSection(SolutionItems) = preProject
		global.json = global.json
	EndProjectSection
EndProject
Project("{8BB2217D-0F2D-49D1-97BC-3654ED321F3B}") = "ConsoleNotepad", "src\ConsoleNotepad\ConsoleNotepad.xproj", "{B6E291B0-C809-4CEA-A172-2415DB2DC5AC}"
EndProject
Project("{FAE04EC0-301F-11D3-BF4B-00C04F79EFBC}") = "MobileApp.Droid", "MobileApp\MobileApp.Droid\MobileApp.Droid.csproj", "{4B012810-DCE3-4684-8B58-E7AF5A93822A}"
EndProject
Project("{FAE04EC0-301F-11D3-BF4B-00C04F79EFBC}") = "MobileApp.iOS", "MobileApp\MobileApp.iOS\MobileApp.iOS.csproj", "{4CDF8262-8014-43DC-9F1B-41BC874664FD}"
EndProject
Project("{FAE04EC0-301F-11D3-BF4B-00C04F79EFBC}") = "MobileApp.UWP", "MobileApp\MobileApp.UWP\MobileApp.UWP.csproj", "{E31FB2D2-F8BA-49EC-A90A-53E04E109953}"
EndProject
Project("{FAE04EC0-301F-11D3-BF4B-00C04F79EFBC}") = "MobileApp", "MobileApp\MobileApp\MobileApp.csproj", "{1D37EE55-FC7E-4E15-81DB-C728846075E1}"
EndProject
Global
	GlobalSection(SolutionConfigurationPlatforms) = preSolution
		Ad-Hoc|Any CPU = Ad-Hoc|Any CPU
		Ad-Hoc|ARM = Ad-Hoc|ARM
		Ad-Hoc|iPhone = Ad-Hoc|iPhone
		Ad-Hoc|iPhoneSimulator = Ad-Hoc|iPhoneSimulator
		Ad-Hoc|x64 = Ad-Hoc|x64
		Ad-Hoc|x86 = Ad-Hoc|x86
		AppStore|Any CPU = AppStore|Any CPU
		AppStore|ARM = AppStore|ARM
		AppStore|iPhone = AppStore|iPhone
		AppStore|iPhoneSimulator = AppStore|iPhoneSimulator
		AppStore|x64 = AppStore|x64
		AppStore|x86 = AppStore|x86
		Debug|Any CPU = Debug|Any CPU
		Debug|ARM = Debug|ARM
		Debug|iPhone = Debug|iPhone
		Debug|iPhoneSimulator = Debug|iPhoneSimulator
		Debug|x64 = Debug|x64
		Debug|x86 = Debug|x86
		Release|Any CPU = Release|Any CPU
		Release|ARM = Release|ARM
		Release|iPhone = Release|iPhone
		Release|iPhoneSimulator = Release|iPhoneSimulator
		Release|x64 = Release|x64
		Release|x86 = Release|x86
	EndGlobalSection
	GlobalSection(ProjectConfigurationPlatforms) = postSolution
		{B6E291B0-C809-4CEA-A172-2415DB2DC5AC}.Ad-Hoc|Any CPU.ActiveCfg = Release|Any CPU
		{B6E291B0-C809-4CEA-A172-2415DB2DC5AC}.Ad-Hoc|Any CPU.Build.0 = Release|Any CPU
		{B6E291B0-C809-4CEA-A172-2415DB2DC5AC}.Ad-Hoc|ARM.ActiveCfg = Release|Any CPU
		{B6E291B0-C809-4CEA-A172-2415DB2DC5AC}.Ad-Hoc|ARM.Build.0 = Release|Any CPU
		{B6E291B0-C809-4CEA-A172-2415DB2DC5AC}.Ad-Hoc|iPhone.ActiveCfg = Release|Any CPU
		{B6E291B0-C809-4CEA-A172-2415DB2DC5AC}.Ad-Hoc|iPhone.Build.0 = Release|Any CPU
		{B6E291B0-C809-4CEA-A172-2415DB2DC5AC}.Ad-Hoc|iPhoneSimulator.ActiveCfg = Release|Any CPU
		{B6E291B0-C809-4CEA-A172-2415DB2DC5AC}.Ad-Hoc|iPhoneSimulator.Build.0 = Release|Any CPU
		{B6E291B0-C809-4CEA-A172-2415DB2DC5AC}.Ad-Hoc|x64.ActiveCfg = Release|Any CPU
		{B6E291B0-C809-4CEA-A172-2415DB2DC5AC}.Ad-Hoc|x64.Build.0 = Release|Any CPU
		{B6E291B0-C809-4CEA-A172-2415DB2DC5AC}.Ad-Hoc|x86.ActiveCfg = Release|Any CPU
		{B6E291B0-C809-4CEA-A172-2415DB2DC5AC}.Ad-Hoc|x86.Build.0 = Release|Any CPU
		{B6E291B0-C809-4CEA-A172-2415DB2DC5AC}.AppStore|Any CPU.ActiveCfg = Release|Any CPU
		{B6E291B0-C809-4CEA-A172-2415DB2DC5AC}.AppStore|Any CPU.Build.0 = Release|Any CPU
		{B6E291B0-C809-4CEA-A172-2415DB2DC5AC}.AppStore|ARM.ActiveCfg = Release|Any CPU
		{B6E291B0-C809-4CEA-A172-2415DB2DC5AC}.AppStore|ARM.Build.0 = Release|Any CPU
		{B6E291B0-C809-4CEA-A172-2415DB2DC5AC}.AppStore|iPhone.ActiveCfg = Release|Any CPU
		{B6E291B0-C809-4CEA-A172-2415DB2DC5AC}.AppStore|iPhone.Build.0 = Release|Any CPU
		{B6E291B0-C809-4CEA-A172-2415DB2DC5AC}.AppStore|iPhoneSimulator.ActiveCfg = Release|Any CPU
		{B6E291B0-C809-4CEA-A172-2415DB2DC5AC}.AppStore|iPhoneSimulator.Build.0 = Release|Any CPU
		{B6E291B0-C809-4CEA-A172-2415DB2DC5AC}.AppStore|x64.ActiveCfg = Release|Any CPU
		{B6E291B0-C809-4CEA-A172-2415DB2DC5AC}.AppStore|x64.Build.0 = Release|Any CPU
		{B6E291B0-C809-4CEA-A172-2415DB2DC5AC}.AppStore|x86.ActiveCfg = Release|Any CPU
		{B6E291B0-C809-4CEA-A172-2415DB2DC5AC}.AppStore|x86.Build.0 = Release|Any CPU
		{B6E291B0-C809-4CEA-A172-2415DB2DC5AC}.Debug|Any CPU.ActiveCfg = Debug|Any CPU
		{B6E291B0-C809-4CEA-A172-2415DB2DC5AC}.Debug|Any CPU.Build.0 = Debug|Any CPU
		{B6E291B0-C809-4CEA-A172-2415DB2DC5AC}.Debug|ARM.ActiveCfg = Debug|Any CPU
		{B6E291B0-C809-4CEA-A172-2415DB2DC5AC}.Debug|ARM.Build.0 = Debug|Any CPU
		{B6E291B0-C809-4CEA-A172-2415DB2DC5AC}.Debug|iPhone.ActiveCfg = Debug|Any CPU
		{B6E291B0-C809-4CEA-A172-2415DB2DC5AC}.Debug|iPhone.Build.0 = Debug|Any CPU
		{B6E291B0-C809-4CEA-A172-2415DB2DC5AC}.Debug|iPhoneSimulator.ActiveCfg = Debug|Any CPU
		{B6E291B0-C809-4CEA-A172-2415DB2DC5AC}.Debug|iPhoneSimulator.Build.0 = Debug|Any CPU
		{B6E291B0-C809-4CEA-A172-2415DB2DC5AC}.Debug|x64.ActiveCfg = Debug|Any CPU
		{B6E291B0-C809-4CEA-A172-2415DB2DC5AC}.Debug|x64.Build.0 = Debug|Any CPU
		{B6E291B0-C809-4CEA-A172-2415DB2DC5AC}.Debug|x86.ActiveCfg = Debug|Any CPU
		{B6E291B0-C809-4CEA-A172-2415DB2DC5AC}.Debug|x86.Build.0 = Debug|Any CPU
		{B6E291B0-C809-4CEA-A172-2415DB2DC5AC}.Release|Any CPU.ActiveCfg = Release|Any CPU
		{B6E291B0-C809-4CEA-A172-2415DB2DC5AC}.Release|Any CPU.Build.0 = Release|Any CPU
		{B6E291B0-C809-4CEA-A172-2415DB2DC5AC}.Release|ARM.ActiveCfg = Release|Any CPU
		{B6E291B0-C809-4CEA-A172-2415DB2DC5AC}.Release|ARM.Build.0 = Release|Any CPU
		{B6E291B0-C809-4CEA-A172-2415DB2DC5AC}.Release|iPhone.ActiveCfg = Release|Any CPU
		{B6E291B0-C809-4CEA-A172-2415DB2DC5AC}.Release|iPhone.Build.0 = Release|Any CPU
		{B6E291B0-C809-4CEA-A172-2415DB2DC5AC}.Release|iPhoneSimulator.ActiveCfg = Release|Any CPU
		{B6E291B0-C809-4CEA-A172-2415DB2DC5AC}.Release|iPhoneSimulator.Build.0 = Release|Any CPU
		{B6E291B0-C809-4CEA-A172-2415DB2DC5AC}.Release|x64.ActiveCfg = Release|Any CPU
		{B6E291B0-C809-4CEA-A172-2415DB2DC5AC}.Release|x64.Build.0 = Release|Any CPU
		{B6E291B0-C809-4CEA-A172-2415DB2DC5AC}.Release|x86.ActiveCfg = Release|Any CPU
		{B6E291B0-C809-4CEA-A172-2415DB2DC5AC}.Release|x86.Build.0 = Release|Any CPU
		{4B012810-DCE3-4684-8B58-E7AF5A93822A}.Ad-Hoc|Any CPU.ActiveCfg = Release|Any CPU
		{4B012810-DCE3-4684-8B58-E7AF5A93822A}.Ad-Hoc|Any CPU.Build.0 = Release|Any CPU
		{4B012810-DCE3-4684-8B58-E7AF5A93822A}.Ad-Hoc|Any CPU.Deploy.0 = Release|Any CPU
		{4B012810-DCE3-4684-8B58-E7AF5A93822A}.Ad-Hoc|ARM.ActiveCfg = Release|Any CPU
		{4B012810-DCE3-4684-8B58-E7AF5A93822A}.Ad-Hoc|ARM.Build.0 = Release|Any CPU
		{4B012810-DCE3-4684-8B58-E7AF5A93822A}.Ad-Hoc|ARM.Deploy.0 = Release|Any CPU
		{4B012810-DCE3-4684-8B58-E7AF5A93822A}.Ad-Hoc|iPhone.ActiveCfg = Release|Any CPU
		{4B012810-DCE3-4684-8B58-E7AF5A93822A}.Ad-Hoc|iPhone.Build.0 = Release|Any CPU
		{4B012810-DCE3-4684-8B58-E7AF5A93822A}.Ad-Hoc|iPhone.Deploy.0 = Release|Any CPU
		{4B012810-DCE3-4684-8B58-E7AF5A93822A}.Ad-Hoc|iPhoneSimulator.ActiveCfg = Release|Any CPU
		{4B012810-DCE3-4684-8B58-E7AF5A93822A}.Ad-Hoc|iPhoneSimulator.Build.0 = Release|Any CPU
		{4B012810-DCE3-4684-8B58-E7AF5A93822A}.Ad-Hoc|iPhoneSimulator.Deploy.0 = Release|Any CPU
		{4B012810-DCE3-4684-8B58-E7AF5A93822A}.Ad-Hoc|x64.ActiveCfg = Release|Any CPU
		{4B012810-DCE3-4684-8B58-E7AF5A93822A}.Ad-Hoc|x64.Build.0 = Release|Any CPU
		{4B012810-DCE3-4684-8B58-E7AF5A93822A}.Ad-Hoc|x64.Deploy.0 = Release|Any CPU
		{4B012810-DCE3-4684-8B58-E7AF5A93822A}.Ad-Hoc|x86.ActiveCfg = Release|Any CPU
		{4B012810-DCE3-4684-8B58-E7AF5A93822A}.Ad-Hoc|x86.Build.0 = Release|Any CPU
		{4B012810-DCE3-4684-8B58-E7AF5A93822A}.Ad-Hoc|x86.Deploy.0 = Release|Any CPU
		{4B012810-DCE3-4684-8B58-E7AF5A93822A}.AppStore|Any CPU.ActiveCfg = Release|Any CPU
		{4B012810-DCE3-4684-8B58-E7AF5A93822A}.AppStore|Any CPU.Build.0 = Release|Any CPU
		{4B012810-DCE3-4684-8B58-E7AF5A93822A}.AppStore|Any CPU.Deploy.0 = Release|Any CPU
		{4B012810-DCE3-4684-8B58-E7AF5A93822A}.AppStore|ARM.ActiveCfg = Release|Any CPU
		{4B012810-DCE3-4684-8B58-E7AF5A93822A}.AppStore|ARM.Build.0 = Release|Any CPU
		{4B012810-DCE3-4684-8B58-E7AF5A93822A}.AppStore|ARM.Deploy.0 = Release|Any CPU
		{4B012810-DCE3-4684-8B58-E7AF5A93822A}.AppStore|iPhone.ActiveCfg = Release|Any CPU
		{4B012810-DCE3-4684-8B58-E7AF5A93822A}.AppStore|iPhone.Build.0 = Release|Any CPU
		{4B012810-DCE3-4684-8B58-E7AF5A93822A}.AppStore|iPhone.Deploy.0 = Release|Any CPU
		{4B012810-DCE3-4684-8B58-E7AF5A93822A}.AppStore|iPhoneSimulator.ActiveCfg = Release|Any CPU
		{4B012810-DCE3-4684-8B58-E7AF5A93822A}.AppStore|iPhoneSimulator.Build.0 = Release|Any CPU
		{4B012810-DCE3-4684-8B58-E7AF5A93822A}.AppStore|iPhoneSimulator.Deploy.0 = Release|Any CPU
		{4B012810-DCE3-4684-8B58-E7AF5A93822A}.AppStore|x64.ActiveCfg = Release|Any CPU
		{4B012810-DCE3-4684-8B58-E7AF5A93822A}.AppStore|x64.Build.0 = Release|Any CPU
		{4B012810-DCE3-4684-8B58-E7AF5A93822A}.AppStore|x64.Deploy.0 = Release|Any CPU
		{4B012810-DCE3-4684-8B58-E7AF5A93822A}.AppStore|x86.ActiveCfg = Release|Any CPU
		{4B012810-DCE3-4684-8B58-E7AF5A93822A}.AppStore|x86.Build.0 = Release|Any CPU
		{4B012810-DCE3-4684-8B58-E7AF5A93822A}.AppStore|x86.Deploy.0 = Release|Any CPU
		{4B012810-DCE3-4684-8B58-E7AF5A93822A}.Debug|Any CPU.ActiveCfg = Debug|Any CPU
		{4B012810-DCE3-4684-8B58-E7AF5A93822A}.Debug|Any CPU.Build.0 = Debug|Any CPU
		{4B012810-DCE3-4684-8B58-E7AF5A93822A}.Debug|Any CPU.Deploy.0 = Debug|Any CPU
		{4B012810-DCE3-4684-8B58-E7AF5A93822A}.Debug|ARM.ActiveCfg = Debug|Any CPU
		{4B012810-DCE3-4684-8B58-E7AF5A93822A}.Debug|ARM.Build.0 = Debug|Any CPU
		{4B012810-DCE3-4684-8B58-E7AF5A93822A}.Debug|ARM.Deploy.0 = Debug|Any CPU
		{4B012810-DCE3-4684-8B58-E7AF5A93822A}.Debug|iPhone.ActiveCfg = Debug|Any CPU
		{4B012810-DCE3-4684-8B58-E7AF5A93822A}.Debug|iPhone.Build.0 = Debug|Any CPU
		{4B012810-DCE3-4684-8B58-E7AF5A93822A}.Debug|iPhone.Deploy.0 = Debug|Any CPU
		{4B012810-DCE3-4684-8B58-E7AF5A93822A}.Debug|iPhoneSimulator.ActiveCfg = Debug|Any CPU
		{4B012810-DCE3-4684-8B58-E7AF5A93822A}.Debug|iPhoneSimulator.Build.0 = Debug|Any CPU
		{4B012810-DCE3-4684-8B58-E7AF5A93822A}.Debug|iPhoneSimulator.Deploy.0 = Debug|Any CPU
		{4B012810-DCE3-4684-8B58-E7AF5A93822A}.Debug|x64.ActiveCfg = Debug|Any CPU
		{4B012810-DCE3-4684-8B58-E7AF5A93822A}.Debug|x64.Build.0 = Debug|Any CPU
		{4B012810-DCE3-4684-8B58-E7AF5A93822A}.Debug|x64.Deploy.0 = Debug|Any CPU
		{4B012810-DCE3-4684-8B58-E7AF5A93822A}.Debug|x86.ActiveCfg = Debug|Any CPU
		{4B012810-DCE3-4684-8B58-E7AF5A93822A}.Debug|x86.Build.0 = Debug|Any CPU
		{4B012810-DCE3-4684-8B58-E7AF5A93822A}.Debug|x86.Deploy.0 = Debug|Any CPU
		{4B012810-DCE3-4684-8B58-E7AF5A93822A}.Release|Any CPU.ActiveCfg = Release|Any CPU
		{4B012810-DCE3-4684-8B58-E7AF5A93822A}.Release|Any CPU.Build.0 = Release|Any CPU
		{4B012810-DCE3-4684-8B58-E7AF5A93822A}.Release|Any CPU.Deploy.0 = Release|Any CPU
		{4B012810-DCE3-4684-8B58-E7AF5A93822A}.Release|ARM.ActiveCfg = Release|Any CPU
		{4B012810-DCE3-4684-8B58-E7AF5A93822A}.Release|ARM.Build.0 = Release|Any CPU
		{4B012810-DCE3-4684-8B58-E7AF5A93822A}.Release|ARM.Deploy.0 = Release|Any CPU
		{4B012810-DCE3-4684-8B58-E7AF5A93822A}.Release|iPhone.ActiveCfg = Release|Any CPU
		{4B012810-DCE3-4684-8B58-E7AF5A93822A}.Release|iPhone.Build.0 = Release|Any CPU
		{4B012810-DCE3-4684-8B58-E7AF5A93822A}.Release|iPhone.Deploy.0 = Release|Any CPU
		{4B012810-DCE3-4684-8B58-E7AF5A93822A}.Release|iPhoneSimulator.ActiveCfg = Release|Any CPU
		{4B012810-DCE3-4684-8B58-E7AF5A93822A}.Release|iPhoneSimulator.Build.0 = Release|Any CPU
		{4B012810-DCE3-4684-8B58-E7AF5A93822A}.Release|iPhoneSimulator.Deploy.0 = Release|Any CPU
		{4B012810-DCE3-4684-8B58-E7AF5A93822A}.Release|x64.ActiveCfg = Release|Any CPU
		{4B012810-DCE3-4684-8B58-E7AF5A93822A}.Release|x64.Build.0 = Release|Any CPU
		{4B012810-DCE3-4684-8B58-E7AF5A93822A}.Release|x64.Deploy.0 = Release|Any CPU
		{4B012810-DCE3-4684-8B58-E7AF5A93822A}.Release|x86.ActiveCfg = Release|Any CPU
		{4B012810-DCE3-4684-8B58-E7AF5A93822A}.Release|x86.Build.0 = Release|Any CPU
		{4B012810-DCE3-4684-8B58-E7AF5A93822A}.Release|x86.Deploy.0 = Release|Any CPU
		{4CDF8262-8014-43DC-9F1B-41BC874664FD}.Ad-Hoc|Any CPU.ActiveCfg = Ad-Hoc|iPhone
		{4CDF8262-8014-43DC-9F1B-41BC874664FD}.Ad-Hoc|ARM.ActiveCfg = Ad-Hoc|iPhone
		{4CDF8262-8014-43DC-9F1B-41BC874664FD}.Ad-Hoc|iPhone.ActiveCfg = Ad-Hoc|iPhone
		{4CDF8262-8014-43DC-9F1B-41BC874664FD}.Ad-Hoc|iPhone.Build.0 = Ad-Hoc|iPhone
		{4CDF8262-8014-43DC-9F1B-41BC874664FD}.Ad-Hoc|iPhoneSimulator.ActiveCfg = Ad-Hoc|iPhoneSimulator
		{4CDF8262-8014-43DC-9F1B-41BC874664FD}.Ad-Hoc|iPhoneSimulator.Build.0 = Ad-Hoc|iPhoneSimulator
		{4CDF8262-8014-43DC-9F1B-41BC874664FD}.Ad-Hoc|x64.ActiveCfg = Ad-Hoc|iPhone
		{4CDF8262-8014-43DC-9F1B-41BC874664FD}.Ad-Hoc|x86.ActiveCfg = Ad-Hoc|iPhone
		{4CDF8262-8014-43DC-9F1B-41BC874664FD}.AppStore|Any CPU.ActiveCfg = AppStore|iPhone
		{4CDF8262-8014-43DC-9F1B-41BC874664FD}.AppStore|ARM.ActiveCfg = AppStore|iPhone
		{4CDF8262-8014-43DC-9F1B-41BC874664FD}.AppStore|iPhone.ActiveCfg = AppStore|iPhone
		{4CDF8262-8014-43DC-9F1B-41BC874664FD}.AppStore|iPhone.Build.0 = AppStore|iPhone
		{4CDF8262-8014-43DC-9F1B-41BC874664FD}.AppStore|iPhoneSimulator.ActiveCfg = AppStore|iPhoneSimulator
		{4CDF8262-8014-43DC-9F1B-41BC874664FD}.AppStore|iPhoneSimulator.Build.0 = AppStore|iPhoneSimulator
		{4CDF8262-8014-43DC-9F1B-41BC874664FD}.AppStore|x64.ActiveCfg = AppStore|iPhone
		{4CDF8262-8014-43DC-9F1B-41BC874664FD}.AppStore|x86.ActiveCfg = AppStore|iPhone
		{4CDF8262-8014-43DC-9F1B-41BC874664FD}.Debug|Any CPU.ActiveCfg = Debug|iPhone
		{4CDF8262-8014-43DC-9F1B-41BC874664FD}.Debug|ARM.ActiveCfg = Debug|iPhone
		{4CDF8262-8014-43DC-9F1B-41BC874664FD}.Debug|iPhone.ActiveCfg = Debug|iPhone
		{4CDF8262-8014-43DC-9F1B-41BC874664FD}.Debug|iPhone.Build.0 = Debug|iPhone
		{4CDF8262-8014-43DC-9F1B-41BC874664FD}.Debug|iPhoneSimulator.ActiveCfg = Debug|iPhoneSimulator
		{4CDF8262-8014-43DC-9F1B-41BC874664FD}.Debug|iPhoneSimulator.Build.0 = Debug|iPhoneSimulator
		{4CDF8262-8014-43DC-9F1B-41BC874664FD}.Debug|x64.ActiveCfg = Debug|iPhone
		{4CDF8262-8014-43DC-9F1B-41BC874664FD}.Debug|x86.ActiveCfg = Debug|iPhone
		{4CDF8262-8014-43DC-9F1B-41BC874664FD}.Release|Any CPU.ActiveCfg = Release|iPhone
		{4CDF8262-8014-43DC-9F1B-41BC874664FD}.Release|ARM.ActiveCfg = Release|iPhone
		{4CDF8262-8014-43DC-9F1B-41BC874664FD}.Release|iPhone.ActiveCfg = Release|iPhone
		{4CDF8262-8014-43DC-9F1B-41BC874664FD}.Release|iPhone.Build.0 = Release|iPhone
		{4CDF8262-8014-43DC-9F1B-41BC874664FD}.Release|iPhoneSimulator.ActiveCfg = Release|iPhoneSimulator
		{4CDF8262-8014-43DC-9F1B-41BC874664FD}.Release|iPhoneSimulator.Build.0 = Release|iPhoneSimulator
		{4CDF8262-8014-43DC-9F1B-41BC874664FD}.Release|x64.ActiveCfg = Release|iPhone
		{4CDF8262-8014-43DC-9F1B-41BC874664FD}.Release|x86.ActiveCfg = Release|iPhone
		{E31FB2D2-F8BA-49EC-A90A-53E04E109953}.Ad-Hoc|Any CPU.ActiveCfg = Release|x86
		{E31FB2D2-F8BA-49EC-A90A-53E04E109953}.Ad-Hoc|Any CPU.Build.0 = Release|x86
		{E31FB2D2-F8BA-49EC-A90A-53E04E109953}.Ad-Hoc|Any CPU.Deploy.0 = Release|x86
		{E31FB2D2-F8BA-49EC-A90A-53E04E109953}.Ad-Hoc|ARM.ActiveCfg = Release|ARM
		{E31FB2D2-F8BA-49EC-A90A-53E04E109953}.Ad-Hoc|ARM.Build.0 = Release|ARM
		{E31FB2D2-F8BA-49EC-A90A-53E04E109953}.Ad-Hoc|ARM.Deploy.0 = Release|ARM
		{E31FB2D2-F8BA-49EC-A90A-53E04E109953}.Ad-Hoc|iPhone.ActiveCfg = Release|x86
		{E31FB2D2-F8BA-49EC-A90A-53E04E109953}.Ad-Hoc|iPhone.Build.0 = Release|x86
		{E31FB2D2-F8BA-49EC-A90A-53E04E109953}.Ad-Hoc|iPhone.Deploy.0 = Release|x86
		{E31FB2D2-F8BA-49EC-A90A-53E04E109953}.Ad-Hoc|iPhoneSimulator.ActiveCfg = Release|x86
		{E31FB2D2-F8BA-49EC-A90A-53E04E109953}.Ad-Hoc|iPhoneSimulator.Build.0 = Release|x86
		{E31FB2D2-F8BA-49EC-A90A-53E04E109953}.Ad-Hoc|iPhoneSimulator.Deploy.0 = Release|x86
		{E31FB2D2-F8BA-49EC-A90A-53E04E109953}.Ad-Hoc|x64.ActiveCfg = Release|x64
		{E31FB2D2-F8BA-49EC-A90A-53E04E109953}.Ad-Hoc|x64.Build.0 = Release|x64
		{E31FB2D2-F8BA-49EC-A90A-53E04E109953}.Ad-Hoc|x64.Deploy.0 = Release|x64
		{E31FB2D2-F8BA-49EC-A90A-53E04E109953}.Ad-Hoc|x86.ActiveCfg = Release|x86
		{E31FB2D2-F8BA-49EC-A90A-53E04E109953}.Ad-Hoc|x86.Build.0 = Release|x86
		{E31FB2D2-F8BA-49EC-A90A-53E04E109953}.Ad-Hoc|x86.Deploy.0 = Release|x86
		{E31FB2D2-F8BA-49EC-A90A-53E04E109953}.AppStore|Any CPU.ActiveCfg = Release|x86
		{E31FB2D2-F8BA-49EC-A90A-53E04E109953}.AppStore|Any CPU.Build.0 = Release|x86
		{E31FB2D2-F8BA-49EC-A90A-53E04E109953}.AppStore|Any CPU.Deploy.0 = Release|x86
		{E31FB2D2-F8BA-49EC-A90A-53E04E109953}.AppStore|ARM.ActiveCfg = Release|ARM
		{E31FB2D2-F8BA-49EC-A90A-53E04E109953}.AppStore|ARM.Build.0 = Release|ARM
		{E31FB2D2-F8BA-49EC-A90A-53E04E109953}.AppStore|ARM.Deploy.0 = Release|ARM
		{E31FB2D2-F8BA-49EC-A90A-53E04E109953}.AppStore|iPhone.ActiveCfg = Release|x86
		{E31FB2D2-F8BA-49EC-A90A-53E04E109953}.AppStore|iPhone.Build.0 = Release|x86
		{E31FB2D2-F8BA-49EC-A90A-53E04E109953}.AppStore|iPhone.Deploy.0 = Release|x86
		{E31FB2D2-F8BA-49EC-A90A-53E04E109953}.AppStore|iPhoneSimulator.ActiveCfg = Release|x86
		{E31FB2D2-F8BA-49EC-A90A-53E04E109953}.AppStore|iPhoneSimulator.Build.0 = Release|x86
		{E31FB2D2-F8BA-49EC-A90A-53E04E109953}.AppStore|iPhoneSimulator.Deploy.0 = Release|x86
		{E31FB2D2-F8BA-49EC-A90A-53E04E109953}.AppStore|x64.ActiveCfg = Release|x64
		{E31FB2D2-F8BA-49EC-A90A-53E04E109953}.AppStore|x64.Build.0 = Release|x64
		{E31FB2D2-F8BA-49EC-A90A-53E04E109953}.AppStore|x64.Deploy.0 = Release|x64
		{E31FB2D2-F8BA-49EC-A90A-53E04E109953}.AppStore|x86.ActiveCfg = Release|x86
		{E31FB2D2-F8BA-49EC-A90A-53E04E109953}.AppStore|x86.Build.0 = Release|x86
		{E31FB2D2-F8BA-49EC-A90A-53E04E109953}.AppStore|x86.Deploy.0 = Release|x86
		{E31FB2D2-F8BA-49EC-A90A-53E04E109953}.Debug|Any CPU.ActiveCfg = Debug|x86
		{E31FB2D2-F8BA-49EC-A90A-53E04E109953}.Debug|ARM.ActiveCfg = Debug|ARM
		{E31FB2D2-F8BA-49EC-A90A-53E04E109953}.Debug|ARM.Build.0 = Debug|ARM
		{E31FB2D2-F8BA-49EC-A90A-53E04E109953}.Debug|ARM.Deploy.0 = Debug|ARM
		{E31FB2D2-F8BA-49EC-A90A-53E04E109953}.Debug|iPhone.ActiveCfg = Debug|x86
		{E31FB2D2-F8BA-49EC-A90A-53E04E109953}.Debug|iPhoneSimulator.ActiveCfg = Debug|x86
		{E31FB2D2-F8BA-49EC-A90A-53E04E109953}.Debug|x64.ActiveCfg = Debug|x64
		{E31FB2D2-F8BA-49EC-A90A-53E04E109953}.Debug|x64.Build.0 = Debug|x64
		{E31FB2D2-F8BA-49EC-A90A-53E04E109953}.Debug|x64.Deploy.0 = Debug|x64
		{E31FB2D2-F8BA-49EC-A90A-53E04E109953}.Debug|x86.ActiveCfg = Debug|x86
		{E31FB2D2-F8BA-49EC-A90A-53E04E109953}.Debug|x86.Build.0 = Debug|x86
		{E31FB2D2-F8BA-49EC-A90A-53E04E109953}.Debug|x86.Deploy.0 = Debug|x86
		{E31FB2D2-F8BA-49EC-A90A-53E04E109953}.Release|Any CPU.ActiveCfg = Release|x86
		{E31FB2D2-F8BA-49EC-A90A-53E04E109953}.Release|ARM.ActiveCfg = Release|ARM
		{E31FB2D2-F8BA-49EC-A90A-53E04E109953}.Release|ARM.Build.0 = Release|ARM
		{E31FB2D2-F8BA-49EC-A90A-53E04E109953}.Release|ARM.Deploy.0 = Release|ARM
		{E31FB2D2-F8BA-49EC-A90A-53E04E109953}.Release|iPhone.ActiveCfg = Release|x86
		{E31FB2D2-F8BA-49EC-A90A-53E04E109953}.Release|iPhoneSimulator.ActiveCfg = Release|x86
		{E31FB2D2-F8BA-49EC-A90A-53E04E109953}.Release|x64.ActiveCfg = Release|x64
		{E31FB2D2-F8BA-49EC-A90A-53E04E109953}.Release|x64.Build.0 = Release|x64
		{E31FB2D2-F8BA-49EC-A90A-53E04E109953}.Release|x64.Deploy.0 = Release|x64
		{E31FB2D2-F8BA-49EC-A90A-53E04E109953}.Release|x86.ActiveCfg = Release|x86
		{E31FB2D2-F8BA-49EC-A90A-53E04E109953}.Release|x86.Build.0 = Release|x86
		{E31FB2D2-F8BA-49EC-A90A-53E04E109953}.Release|x86.Deploy.0 = Release|x86
		{1D37EE55-FC7E-4E15-81DB-C728846075E1}.Ad-Hoc|Any CPU.ActiveCfg = Release|Any CPU
		{1D37EE55-FC7E-4E15-81DB-C728846075E1}.Ad-Hoc|Any CPU.Build.0 = Release|Any CPU
		{1D37EE55-FC7E-4E15-81DB-C728846075E1}.Ad-Hoc|ARM.ActiveCfg = Release|Any CPU
		{1D37EE55-FC7E-4E15-81DB-C728846075E1}.Ad-Hoc|ARM.Build.0 = Release|Any CPU
		{1D37EE55-FC7E-4E15-81DB-C728846075E1}.Ad-Hoc|iPhone.ActiveCfg = Release|Any CPU
		{1D37EE55-FC7E-4E15-81DB-C728846075E1}.Ad-Hoc|iPhone.Build.0 = Release|Any CPU
		{1D37EE55-FC7E-4E15-81DB-C728846075E1}.Ad-Hoc|iPhoneSimulator.ActiveCfg = Release|Any CPU
		{1D37EE55-FC7E-4E15-81DB-C728846075E1}.Ad-Hoc|iPhoneSimulator.Build.0 = Release|Any CPU
		{1D37EE55-FC7E-4E15-81DB-C728846075E1}.Ad-Hoc|x64.ActiveCfg = Release|Any CPU
		{1D37EE55-FC7E-4E15-81DB-C728846075E1}.Ad-Hoc|x64.Build.0 = Release|Any CPU
		{1D37EE55-FC7E-4E15-81DB-C728846075E1}.Ad-Hoc|x86.ActiveCfg = Release|Any CPU
		{1D37EE55-FC7E-4E15-81DB-C728846075E1}.Ad-Hoc|x86.Build.0 = Release|Any CPU
		{1D37EE55-FC7E-4E15-81DB-C728846075E1}.AppStore|Any CPU.ActiveCfg = Release|Any CPU
		{1D37EE55-FC7E-4E15-81DB-C728846075E1}.AppStore|Any CPU.Build.0 = Release|Any CPU
		{1D37EE55-FC7E-4E15-81DB-C728846075E1}.AppStore|ARM.ActiveCfg = Release|Any CPU
		{1D37EE55-FC7E-4E15-81DB-C728846075E1}.AppStore|ARM.Build.0 = Release|Any CPU
		{1D37EE55-FC7E-4E15-81DB-C728846075E1}.AppStore|iPhone.ActiveCfg = Release|Any CPU
		{1D37EE55-FC7E-4E15-81DB-C728846075E1}.AppStore|iPhone.Build.0 = Release|Any CPU
		{1D37EE55-FC7E-4E15-81DB-C728846075E1}.AppStore|iPhoneSimulator.ActiveCfg = Release|Any CPU
		{1D37EE55-FC7E-4E15-81DB-C728846075E1}.AppStore|iPhoneSimulator.Build.0 = Release|Any CPU
		{1D37EE55-FC7E-4E15-81DB-C728846075E1}.AppStore|x64.ActiveCfg = Release|Any CPU
		{1D37EE55-FC7E-4E15-81DB-C728846075E1}.AppStore|x64.Build.0 = Release|Any CPU
		{1D37EE55-FC7E-4E15-81DB-C728846075E1}.AppStore|x86.ActiveCfg = Release|Any CPU
		{1D37EE55-FC7E-4E15-81DB-C728846075E1}.AppStore|x86.Build.0 = Release|Any CPU
		{1D37EE55-FC7E-4E15-81DB-C728846075E1}.Debug|Any CPU.ActiveCfg = Debug|Any CPU
		{1D37EE55-FC7E-4E15-81DB-C728846075E1}.Debug|Any CPU.Build.0 = Debug|Any CPU
		{1D37EE55-FC7E-4E15-81DB-C728846075E1}.Debug|ARM.ActiveCfg = Debug|Any CPU
		{1D37EE55-FC7E-4E15-81DB-C728846075E1}.Debug|ARM.Build.0 = Debug|Any CPU
		{1D37EE55-FC7E-4E15-81DB-C728846075E1}.Debug|iPhone.ActiveCfg = Debug|Any CPU
		{1D37EE55-FC7E-4E15-81DB-C728846075E1}.Debug|iPhone.Build.0 = Debug|Any CPU
		{1D37EE55-FC7E-4E15-81DB-C728846075E1}.Debug|iPhoneSimulator.ActiveCfg = Debug|Any CPU
		{1D37EE55-FC7E-4E15-81DB-C728846075E1}.Debug|iPhoneSimulator.Build.0 = Debug|Any CPU
		{1D37EE55-FC7E-4E15-81DB-C728846075E1}.Debug|x64.ActiveCfg = Debug|Any CPU
		{1D37EE55-FC7E-4E15-81DB-C728846075E1}.Debug|x64.Build.0 = Debug|Any CPU
		{1D37EE55-FC7E-4E15-81DB-C728846075E1}.Debug|x86.ActiveCfg = Debug|Any CPU
		{1D37EE55-FC7E-4E15-81DB-C728846075E1}.Debug|x86.Build.0 = Debug|Any CPU
		{1D37EE55-FC7E-4E15-81DB-C728846075E1}.Release|Any CPU.ActiveCfg = Release|Any CPU
		{1D37EE55-FC7E-4E15-81DB-C728846075E1}.Release|Any CPU.Build.0 = Release|Any CPU
		{1D37EE55-FC7E-4E15-81DB-C728846075E1}.Release|ARM.ActiveCfg = Release|Any CPU
		{1D37EE55-FC7E-4E15-81DB-C728846075E1}.Release|ARM.Build.0 = Release|Any CPU
		{1D37EE55-FC7E-4E15-81DB-C728846075E1}.Release|iPhone.ActiveCfg = Release|Any CPU
		{1D37EE55-FC7E-4E15-81DB-C728846075E1}.Release|iPhone.Build.0 = Release|Any CPU
		{1D37EE55-FC7E-4E15-81DB-C728846075E1}.Release|iPhoneSimulator.ActiveCfg = Release|Any CPU
		{1D37EE55-FC7E-4E15-81DB-C728846075E1}.Release|iPhoneSimulator.Build.0 = Release|Any CPU
		{1D37EE55-FC7E-4E15-81DB-C728846075E1}.Release|x64.ActiveCfg = Release|Any CPU
		{1D37EE55-FC7E-4E15-81DB-C728846075E1}.Release|x64.Build.0 = Release|Any CPU
		{1D37EE55-FC7E-4E15-81DB-C728846075E1}.Release|x86.ActiveCfg = Release|Any CPU
		{1D37EE55-FC7E-4E15-81DB-C728846075E1}.Release|x86.Build.0 = Release|Any CPU
	EndGlobalSection
	GlobalSection(SolutionProperties) = preSolution
		HideSolutionNode = FALSE
	EndGlobalSection
	GlobalSection(NestedProjects) = preSolution
		{B6E291B0-C809-4CEA-A172-2415DB2DC5AC} = {FDA80EA1-D950-4ED4-A503-0C02EECB7CA8}
	EndGlobalSection
EndGlobal
